// !$*UTF8*$!
{
	archiveVersion = 1;
	classes = {
	};
	objectVersion = 55;
	objects = {

/* Begin PBXBuildFile section */
		3FBE4A5F283101ED008157E9 /* NibView.swift in Sources */ = {isa = PBXBuildFile; fileRef = 3FBE4A5E283101ED008157E9 /* NibView.swift */; };
		3FF572BA2830C6C9001E60DF /* AppDelegate.swift in Sources */ = {isa = PBXBuildFile; fileRef = 3FF572B92830C6C9001E60DF /* AppDelegate.swift */; };
		3FF572BC2830C6C9001E60DF /* SceneDelegate.swift in Sources */ = {isa = PBXBuildFile; fileRef = 3FF572BB2830C6C9001E60DF /* SceneDelegate.swift */; };
		3FF572BE2830C6C9001E60DF /* ViewController.swift in Sources */ = {isa = PBXBuildFile; fileRef = 3FF572BD2830C6C9001E60DF /* ViewController.swift */; };
		3FF572C12830C6C9001E60DF /* Main.storyboard in Resources */ = {isa = PBXBuildFile; fileRef = 3FF572BF2830C6C9001E60DF /* Main.storyboard */; };
		3FF572C32830C6CA001E60DF /* Assets.xcassets in Resources */ = {isa = PBXBuildFile; fileRef = 3FF572C22830C6CA001E60DF /* Assets.xcassets */; };
		3FF572C62830C6CA001E60DF /* LaunchScreen.storyboard in Resources */ = {isa = PBXBuildFile; fileRef = 3FF572C42830C6CA001E60DF /* LaunchScreen.storyboard */; };
		3FF572E22830D314001E60DF /* MovieView.swift in Sources */ = {isa = PBXBuildFile; fileRef = 3FF572E12830D314001E60DF /* MovieView.swift */; };
		3FF572E42830D3BD001E60DF /* MovieView.xib in Resources */ = {isa = PBXBuildFile; fileRef = 3FF572E32830D3BD001E60DF /* MovieView.xib */; };
		3FF572E62830D622001E60DF /* ResultViewController.swift in Sources */ = {isa = PBXBuildFile; fileRef = 3FF572E52830D622001E60DF /* ResultViewController.swift */; };
/* End PBXBuildFile section */

/* Begin PBXFileReference section */
		3FBE4A5E283101ED008157E9 /* NibView.swift */ = {isa = PBXFileReference; lastKnownFileType = sourcecode.swift; path = NibView.swift; sourceTree = "<group>"; };
		3FF572B62830C6C9001E60DF /* DelegatePattern.app */ = {isa = PBXFileReference; explicitFileType = wrapper.application; includeInIndex = 0; path = DelegatePattern.app; sourceTree = BUILT_PRODUCTS_DIR; };
		3FF572B92830C6C9001E60DF /* AppDelegate.swift */ = {isa = PBXFileReference; lastKnownFileType = sourcecode.swift; path = AppDelegate.swift; sourceTree = "<group>"; };
		3FF572BB2830C6C9001E60DF /* SceneDelegate.swift */ = {isa = PBXFileReference; lastKnownFileType = sourcecode.swift; path = SceneDelegate.swift; sourceTree = "<group>"; };
		3FF572BD2830C6C9001E60DF /* ViewController.swift */ = {isa = PBXFileReference; lastKnownFileType = sourcecode.swift; path = ViewController.swift; sourceTree = "<group>"; };
		3FF572C02830C6C9001E60DF /* Base */ = {isa = PBXFileReference; lastKnownFileType = file.storyboard; name = Base; path = Base.lproj/Main.storyboard; sourceTree = "<group>"; };
		3FF572C22830C6CA001E60DF /* Assets.xcassets */ = {isa = PBXFileReference; lastKnownFileType = folder.assetcatalog; path = Assets.xcassets; sourceTree = "<group>"; };
		3FF572C52830C6CA001E60DF /* Base */ = {isa = PBXFileReference; lastKnownFileType = file.storyboard; name = Base; path = Base.lproj/LaunchScreen.storyboard; sourceTree = "<group>"; };
		3FF572C72830C6CA001E60DF /* Info.plist */ = {isa = PBXFileReference; lastKnownFileType = text.plist.xml; path = Info.plist; sourceTree = "<group>"; };
		3FF572E12830D314001E60DF /* MovieView.swift */ = {isa = PBXFileReference; lastKnownFileType = sourcecode.swift; path = MovieView.swift; sourceTree = "<group>"; };
		3FF572E32830D3BD001E60DF /* MovieView.xib */ = {isa = PBXFileReference; lastKnownFileType = file.xib; path = MovieView.xib; sourceTree = "<group>"; };
		3FF572E52830D622001E60DF /* ResultViewController.swift */ = {isa = PBXFileReference; lastKnownFileType = sourcecode.swift; path = ResultViewController.swift; sourceTree = "<group>"; };
/* End PBXFileReference section */

/* Begin PBXFrameworksBuildPhase section */
		3FF572B32830C6C9001E60DF /* Frameworks */ = {
			isa = PBXFrameworksBuildPhase;
			buildActionMask = 2147483647;
			files = (
			);
			runOnlyForDeploymentPostprocessing = 0;
		};
/* End PBXFrameworksBuildPhase section */

/* Begin PBXGroup section */
		3FBE4A5D283101DD008157E9 /* NibView */ = {
			isa = PBXGroup;
			children = (
				3FBE4A5E283101ED008157E9 /* NibView.swift */,
			);
			path = NibView;
			sourceTree = "<group>";
		};
		3FF572AD2830C6C9001E60DF = {
			isa = PBXGroup;
			children = (
				3FF572B82830C6C9001E60DF /* DelegatePattern */,
				3FF572B72830C6C9001E60DF /* Products */,
			);
			sourceTree = "<group>";
		};
		3FF572B72830C6C9001E60DF /* Products */ = {
			isa = PBXGroup;
			children = (
				3FF572B62830C6C9001E60DF /* DelegatePattern.app */,
			);
			name = Products;
			sourceTree = "<group>";
		};
		3FF572B82830C6C9001E60DF /* DelegatePattern */ = {
			isa = PBXGroup;
			children = (
				3FBE4A5D283101DD008157E9 /* NibView */,
				3FF572E02830D303001E60DF /* MovieView */,
				3FF572B92830C6C9001E60DF /* AppDelegate.swift */,
				3FF572BB2830C6C9001E60DF /* SceneDelegate.swift */,
				3FF572BD2830C6C9001E60DF /* ViewController.swift */,
				3FF572BF2830C6C9001E60DF /* Main.storyboard */,
				3FF572C22830C6CA001E60DF /* Assets.xcassets */,
				3FF572C42830C6CA001E60DF /* LaunchScreen.storyboard */,
				3FF572C72830C6CA001E60DF /* Info.plist */,
				3FF572E52830D622001E60DF /* ResultViewController.swift */,
			);
			path = DelegatePattern;
			sourceTree = "<group>";
		};
		3FF572E02830D303001E60DF /* MovieView */ = {
			isa = PBXGroup;
			children = (
				3FF572E12830D314001E60DF /* MovieView.swift */,
				3FF572E32830D3BD001E60DF /* MovieView.xib */,
			);
			path = MovieView;
			sourceTree = "<group>";
		};
/* End PBXGroup section */

/* Begin PBXNativeTarget section */
		3FF572B52830C6C9001E60DF /* DelegatePattern */ = {
			isa = PBXNativeTarget;
			buildConfigurationList = 3FF572CA2830C6CA001E60DF /* Build configuration list for PBXNativeTarget "DelegatePattern" */;
			buildPhases = (
				3FF572B22830C6C9001E60DF /* Sources */,
				3FF572B32830C6C9001E60DF /* Frameworks */,
				3FF572B42830C6C9001E60DF /* Resources */,
			);
			buildRules = (
			);
			dependencies = (
			);
			name = DelegatePattern;
			productName = DelegatePattern;
			productReference = 3FF572B62830C6C9001E60DF /* DelegatePattern.app */;
			productType = "com.apple.product-type.application";
		};
/* End PBXNativeTarget section */

/* Begin PBXProject section */
		3FF572AE2830C6C9001E60DF /* Project object */ = {
			isa = PBXProject;
			attributes = {
				BuildIndependentTargetsInParallel = 1;
				LastSwiftUpdateCheck = 1330;
				LastUpgradeCheck = 1330;
				TargetAttributes = {
					3FF572B52830C6C9001E60DF = {
						CreatedOnToolsVersion = 13.3.1;
					};
				};
			};
			buildConfigurationList = 3FF572B12830C6C9001E60DF /* Build configuration list for PBXProject "DelegatePattern" */;
			compatibilityVersion = "Xcode 13.0";
			developmentRegion = en;
			hasScannedForEncodings = 0;
			knownRegions = (
				en,
				Base,
			);
			mainGroup = 3FF572AD2830C6C9001E60DF;
			productRefGroup = 3FF572B72830C6C9001E60DF /* Products */;
			projectDirPath = "";
			projectRoot = "";
			targets = (
				3FF572B52830C6C9001E60DF /* DelegatePattern */,
			);
		};
/* End PBXProject section */

/* Begin PBXResourcesBuildPhase section */
		3FF572B42830C6C9001E60DF /* Resources */ = {
			isa = PBXResourcesBuildPhase;
			buildActionMask = 2147483647;
			files = (
				3FF572C62830C6CA001E60DF /* LaunchScreen.storyboard in Resources */,
				3FF572E42830D3BD001E60DF /* MovieView.xib in Resources */,
				3FF572C32830C6CA001E60DF /* Assets.xcassets in Resources */,
				3FF572C12830C6C9001E60DF /* Main.storyboard in Resources */,
			);
			runOnlyForDeploymentPostprocessing = 0;
		};
/* End PBXResourcesBuildPhase section */

/* Begin PBXSourcesBuildPhase section */
		3FF572B22830C6C9001E60DF /* Sources */ = {
			isa = PBXSourcesBuildPhase;
			buildActionMask = 2147483647;
			files = (
				3FF572E62830D622001E60DF /* ResultViewController.swift in Sources */,
				3FF572BE2830C6C9001E60DF /* ViewController.swift in Sources */,
				3FBE4A5F283101ED008157E9 /* NibView.swift in Sources */,
				3FF572E22830D314001E60DF /* MovieView.swift in Sources */,
				3FF572BA2830C6C9001E60DF /* AppDelegate.swift in Sources */,
				3FF572BC2830C6C9001E60DF /* SceneDelegate.swift in Sources */,
			);
			runOnlyForDeploymentPostprocessing = 0;
		};
/* End PBXSourcesBuildPhase section */

/* Begin PBXVariantGroup section */
		3FF572BF2830C6C9001E60DF /* Main.storyboard */ = {
			isa = PBXVariantGroup;
			children = (
				3FF572C02830C6C9001E60DF /* Base */,
			);
			name = Main.storyboard;
			sourceTree = "<group>";
		};
		3FF572C42830C6CA001E60DF /* LaunchScreen.storyboard */ = {
			isa = PBXVariantGroup;
			children = (
				3FF572C52830C6CA001E60DF /* Base */,
			);
			name = LaunchScreen.storyboard;
			sourceTree = "<group>";
		};
/* End PBXVariantGroup section */

/* Begin XCBuildConfiguration section */
		3FF572C82830C6CA001E60DF /* Debug */ = {
			isa = XCBuildConfiguration;
			buildSettings = {
				ALWAYS_SEARCH_USER_PATHS = NO;
				CLANG_ANALYZER_NONNULL = YES;
				CLANG_ANALYZER_NUMBER_OBJECT_CONVERSION = YES_AGGRESSIVE;
				CLANG_CXX_LANGUAGE_STANDARD = "gnu++17";
				CLANG_ENABLE_MODULES = YES;
				CLANG_ENABLE_OBJC_ARC = YES;
				CLANG_ENABLE_OBJC_WEAK = YES;
				CLANG_WARN_BLOCK_CAPTURE_AUTORELEASING = YES;
				CLANG_WARN_BOOL_CONVERSION = YES;
				CLANG_WARN_COMMA = YES;
				CLANG_WARN_CONSTANT_CONVERSION = YES;
				CLANG_WARN_DEPRECATED_OBJC_IMPLEMENTATIONS = YES;
				CLANG_WARN_DIRECT_OBJC_ISA_USAGE = YES_ERROR;
				CLANG_WARN_DOCUMENTATION_COMMENTS = YES;
				CLANG_WARN_EMPTY_BODY = YES;
				CLANG_WARN_ENUM_CONVERSION = YES;
				CLANG_WARN_INFINITE_RECURSION = YES;
				CLANG_WARN_INT_CONVERSION = YES;
				CLANG_WARN_NON_LITERAL_NULL_CONVERSION = YES;
				CLANG_WARN_OBJC_IMPLICIT_RETAIN_SELF = YES;
				CLANG_WARN_OBJC_LITERAL_CONVERSION = YES;
				CLANG_WARN_OBJC_ROOT_CLASS = YES_ERROR;
				CLANG_WARN_QUOTED_INCLUDE_IN_FRAMEWORK_HEADER = YES;
				CLANG_WARN_RANGE_LOOP_ANALYSIS = YES;
				CLANG_WARN_STRICT_PROTOTYPES = YES;
				CLANG_WARN_SUSPICIOUS_MOVE = YES;
				CLANG_WARN_UNGUARDED_AVAILABILITY = YES_AGGRESSIVE;
				CLANG_WARN_UNREACHABLE_CODE = YES;
				CLANG_WARN__DUPLICATE_METHOD_MATCH = YES;
				COPY_PHASE_STRIP = NO;
				DEBUG_INFORMATION_FORMAT = dwarf;
				ENABLE_STRICT_OBJC_MSGSEND = YES;
				ENABLE_TESTABILITY = YES;
				GCC_C_LANGUAGE_STANDARD = gnu11;
				GCC_DYNAMIC_NO_PIC = NO;
				GCC_NO_COMMON_BLOCKS = YES;
				GCC_OPTIMIZATION_LEVEL = 0;
				GCC_PREPROCESSOR_DEFINITIONS = (
					"DEBUG=1",
					"$(inherited)",
				);
				GCC_WARN_64_TO_32_BIT_CONVERSION = YES;
				GCC_WARN_ABOUT_RETURN_TYPE = YES_ERROR;
				GCC_WARN_UNDECLARED_SELECTOR = YES;
				GCC_WARN_UNINITIALIZED_AUTOS = YES_AGGRESSIVE;
				GCC_WARN_UNUSED_FUNCTION = YES;
				GCC_WARN_UNUSED_VARIABLE = YES;
				IPHONEOS_DEPLOYMENT_TARGET = 15.4;
				MTL_ENABLE_DEBUG_INFO = INCLUDE_SOURCE;
				MTL_FAST_MATH = YES;
				ONLY_ACTIVE_ARCH = YES;
				SDKROOT = iphoneos;
				SWIFT_ACTIVE_COMPILATION_CONDITIONS = DEBUG;
				SWIFT_OPTIMIZATION_LEVEL = "-Onone";
			};
			name = Debug;
		};
		3FF572C92830C6CA001E60DF /* Release */ = {
			isa = XCBuildConfiguration;
			buildSettings = {
				ALWAYS_SEARCH_USER_PATHS = NO;
				CLANG_ANALYZER_NONNULL = YES;
				CLANG_ANALYZER_NUMBER_OBJECT_CONVERSION = YES_AGGRESSIVE;
				CLANG_CXX_LANGUAGE_STANDARD = "gnu++17";
				CLANG_ENABLE_MODULES = YES;
				CLANG_ENABLE_OBJC_ARC = YES;
				CLANG_ENABLE_OBJC_WEAK = YES;
				CLANG_WARN_BLOCK_CAPTURE_AUTORELEASING = YES;
				CLANG_WARN_BOOL_CONVERSION = YES;
				CLANG_WARN_COMMA = YES;
				CLANG_WARN_CONSTANT_CONVERSION = YES;
				CLANG_WARN_DEPRECATED_OBJC_IMPLEMENTATIONS = YES;
				CLANG_WARN_DIRECT_OBJC_ISA_USAGE = YES_ERROR;
				CLANG_WARN_DOCUMENTATION_COMMENTS = YES;
				CLANG_WARN_EMPTY_BODY = YES;
				CLANG_WARN_ENUM_CONVERSION = YES;
				CLANG_WARN_INFINITE_RECURSION = YES;
				CLANG_WARN_INT_CONVERSION = YES;
				CLANG_WARN_NON_LITERAL_NULL_CONVERSION = YES;
				CLANG_WARN_OBJC_IMPLICIT_RETAIN_SELF = YES;
				CLANG_WARN_OBJC_LITERAL_CONVERSION = YES;
				CLANG_WARN_OBJC_ROOT_CLASS = YES_ERROR;
				CLANG_WARN_QUOTED_INCLUDE_IN_FRAMEWORK_HEADER = YES;
				CLANG_WARN_RANGE_LOOP_ANALYSIS = YES;
				CLANG_WARN_STRICT_PROTOTYPES = YES;
				CLANG_WARN_SUSPICIOUS_MOVE = YES;
				CLANG_WARN_UNGUARDED_AVAILABILITY = YES_AGGRESSIVE;
				CLANG_WARN_UNREACHABLE_CODE = YES;
				CLANG_WARN__DUPLICATE_METHOD_MATCH = YES;
				COPY_PHASE_STRIP = NO;
				DEBUG_INFORMATION_FORMAT = "dwarf-with-dsym";
				ENABLE_NS_ASSERTIONS = NO;
				ENABLE_STRICT_OBJC_MSGSEND = YES;
				GCC_C_LANGUAGE_STANDARD = gnu11;
				GCC_NO_COMMON_BLOCKS = YES;
				GCC_WARN_64_TO_32_BIT_CONVERSION = YES;
				GCC_WARN_ABOUT_RETURN_TYPE = YES_ERROR;
				GCC_WARN_UNDECLARED_SELECTOR = YES;
				GCC_WARN_UNINITIALIZED_AUTOS = YES_AGGRESSIVE;
				GCC_WARN_UNUSED_FUNCTION = YES;
				GCC_WARN_UNUSED_VARIABLE = YES;
				IPHONEOS_DEPLOYMENT_TARGET = 15.4;
				MTL_ENABLE_DEBUG_INFO = NO;
				MTL_FAST_MATH = YES;
				SDKROOT = iphoneos;
				SWIFT_COMPILATION_MODE = wholemodule;
				SWIFT_OPTIMIZATION_LEVEL = "-O";
				VALIDATE_PRODUCT = YES;
			};
			name = Release;
		};
		3FF572CB2830C6CA001E60DF /* Debug */ = {
			isa = XCBuildConfiguration;
			buildSettings = {
				ASSETCATALOG_COMPILER_APPICON_NAME = AppIcon;
				ASSETCATALOG_COMPILER_GLOBAL_ACCENT_COLOR_NAME = AccentColor;
				CODE_SIGN_STYLE = Automatic;
				CURRENT_PROJECT_VERSION = 1;
				DEVELOPMENT_TEAM = P3688SMR2A;
				GENERATE_INFOPLIST_FILE = YES;
				INFOPLIST_FILE = DelegatePattern/Info.plist;
				INFOPLIST_KEY_UIApplicationSupportsIndirectInputEvents = YES;
				INFOPLIST_KEY_UILaunchStoryboardName = LaunchScreen;
				INFOPLIST_KEY_UIMainStoryboardFile = Main;
				INFOPLIST_KEY_UISupportedInterfaceOrientations_iPad = "UIInterfaceOrientationPortrait UIInterfaceOrientationPortraitUpsideDown UIInterfaceOrientationLandscapeLeft UIInterfaceOrientationLandscapeRight";
				INFOPLIST_KEY_UISupportedInterfaceOrientations_iPhone = "UIInterfaceOrientationPortrait UIInterfaceOrientationLandscapeLeft UIInterfaceOrientationLandscapeRight";
				LD_RUNPATH_SEARCH_PATHS = (
					"$(inherited)",
					"@executable_path/Frameworks",
				);
				MARKETING_VERSION = 1.0;
				PRODUCT_BUNDLE_IDENTIFIER = a.myrzakanurov.DelegatePattern;
				PRODUCT_NAME = "$(TARGET_NAME)";
				SWIFT_EMIT_LOC_STRINGS = YES;
				SWIFT_VERSION = 5.0;
				TARGETED_DEVICE_FAMILY = "1,2";
			};
			name = Debug;
		};
		3FF572CC2830C6CA001E60DF /* Release */ = {
			isa = XCBuildConfiguration;
			buildSettings = {
				ASSETCATALOG_COMPILER_APPICON_NAME = AppIcon;
				ASSETCATALOG_COMPILER_GLOBAL_ACCENT_COLOR_NAME = AccentColor;
				CODE_SIGN_STYLE = Automatic;
				CURRENT_PROJECT_VERSION = 1;
				DEVELOPMENT_TEAM = P3688SMR2A;
				GENERATE_INFOPLIST_FILE = YES;
				INFOPLIST_FILE = DelegatePattern/Info.plist;
				INFOPLIST_KEY_UIApplicationSupportsIndirectInputEvents = YES;
				INFOPLIST_KEY_UILaunchStoryboardName = LaunchScreen;
				INFOPLIST_KEY_UIMainStoryboardFile = Main;
				INFOPLIST_KEY_UISupportedInterfaceOrientations_iPad = "UIInterfaceOrientationPortrait UIInterfaceOrientationPortraitUpsideDown UIInterfaceOrientationLandscapeLeft UIInterfaceOrientationLandscapeRight";
				INFOPLIST_KEY_UISupportedInterfaceOrientations_iPhone = "UIInterfaceOrientationPortrait UIInterfaceOrientationLandscapeLeft UIInterfaceOrientationLandscapeRight";
				LD_RUNPATH_SEARCH_PATHS = (
					"$(inherited)",
					"@executable_path/Frameworks",
				);
				MARKETING_VERSION = 1.0;
				PRODUCT_BUNDLE_IDENTIFIER = a.myrzakanurov.DelegatePattern;
				PRODUCT_NAME = "$(TARGET_NAME)";
				SWIFT_EMIT_LOC_STRINGS = YES;
				SWIFT_VERSION = 5.0;
				TARGETED_DEVICE_FAMILY = "1,2";
			};
			name = Release;
		};
/* End XCBuildConfiguration section */

/* Begin XCConfigurationList section */
		3FF572B12830C6C9001E60DF /* Build configuration list for PBXProject "DelegatePattern" */ = {
			isa = XCConfigurationList;
			buildConfigurations = (
				3FF572C82830C6CA001E60DF /* Debug */,
				3FF572C92830C6CA001E60DF /* Release */,
			);
			defaultConfigurationIsVisible = 0;
			defaultConfigurationName = Release;
		};
		3FF572CA2830C6CA001E60DF /* Build configuration list for PBXNativeTarget "DelegatePattern" */ = {
			isa = XCConfigurationList;
			buildConfigurations = (
				3FF572CB2830C6CA001E60DF /* Debug */,
				3FF572CC2830C6CA001E60DF /* Release */,
			);
			defaultConfigurationIsVisible = 0;
			defaultConfigurationName = Release;
		};
/* End XCConfigurationList section */
	};
	rootObject = 3FF572AE2830C6C9001E60DF /* Project object */;
}
